
Microsoft Visual Studio Solution File, Format Version 12.00
# Visual Studio 15
VisualStudioVersion = 15.0.28010.2048
MinimumVisualStudioVersion = 10.0.40219.1
Project("{FAE04EC0-301F-11D3-BF4B-00C04F79EFBC}") = "CompositeControlDemo.Android", "CompositeControlDemo\CompositeControlDemo.Android\CompositeControlDemo.Android.csproj", "{898F0858-8FF0-4952-9402-3A2D01DE4188}"
EndProject
Project("{FAE04EC0-301F-11D3-BF4B-00C04F79EFBC}") = "CompositeControlDemo.iOS", "CompositeControlDemo\CompositeControlDemo.iOS\CompositeControlDemo.iOS.csproj", "{640D9A84-3FEB-4F12-B144-D864F534BFD3}"
EndProject
Project("{FAE04EC0-301F-11D3-BF4B-00C04F79EFBC}") = "CompositeControlDemo", "CompositeControlDemo\CompositeControlDemo\CompositeControlDemo.csproj", "{FF0319A5-155E-4E73-9DED-5E892C570E01}"
EndProject
Global
	GlobalSection(SolutionConfigurationPlatforms) = preSolution
		Ad-Hoc|Any CPU = Ad-Hoc|Any CPU
		Ad-Hoc|iPhone = Ad-Hoc|iPhone
		Ad-Hoc|iPhoneSimulator = Ad-Hoc|iPhoneSimulator
		AppStore|Any CPU = AppStore|Any CPU
		AppStore|iPhone = AppStore|iPhone
		AppStore|iPhoneSimulator = AppStore|iPhoneSimulator
		Debug|Any CPU = Debug|Any CPU
		Debug|iPhone = Debug|iPhone
		Debug|iPhoneSimulator = Debug|iPhoneSimulator
		Release|Any CPU = Release|Any CPU
		Release|iPhone = Release|iPhone
		Release|iPhoneSimulator = Release|iPhoneSimulator
	EndGlobalSection
	GlobalSection(ProjectConfigurationPlatforms) = postSolution
		{898F0858-8FF0-4952-9402-3A2D01DE4188}.Ad-Hoc|Any CPU.ActiveCfg = Release|Any CPU
		{898F0858-8FF0-4952-9402-3A2D01DE4188}.Ad-Hoc|Any CPU.Build.0 = Release|Any CPU
		{898F0858-8FF0-4952-9402-3A2D01DE4188}.Ad-Hoc|Any CPU.Deploy.0 = Release|Any CPU
		{898F0858-8FF0-4952-9402-3A2D01DE4188}.Ad-Hoc|iPhone.ActiveCfg = Release|Any CPU
		{898F0858-8FF0-4952-9402-3A2D01DE4188}.Ad-Hoc|iPhone.Build.0 = Release|Any CPU
		{898F0858-8FF0-4952-9402-3A2D01DE4188}.Ad-Hoc|iPhone.Deploy.0 = Release|Any CPU
		{898F0858-8FF0-4952-9402-3A2D01DE4188}.Ad-Hoc|iPhoneSimulator.ActiveCfg = Release|Any CPU
		{898F0858-8FF0-4952-9402-3A2D01DE4188}.Ad-Hoc|iPhoneSimulator.Build.0 = Release|Any CPU
		{898F0858-8FF0-4952-9402-3A2D01DE4188}.Ad-Hoc|iPhoneSimulator.Deploy.0 = Release|Any CPU
		{898F0858-8FF0-4952-9402-3A2D01DE4188}.AppStore|Any CPU.ActiveCfg = Release|Any CPU
		{898F0858-8FF0-4952-9402-3A2D01DE4188}.AppStore|Any CPU.Build.0 = Release|Any CPU
		{898F0858-8FF0-4952-9402-3A2D01DE4188}.AppStore|Any CPU.Deploy.0 = Release|Any CPU
		{898F0858-8FF0-4952-9402-3A2D01DE4188}.AppStore|iPhone.ActiveCfg = Release|Any CPU
		{898F0858-8FF0-4952-9402-3A2D01DE4188}.AppStore|iPhone.Build.0 = Release|Any CPU
		{898F0858-8FF0-4952-9402-3A2D01DE4188}.AppStore|iPhone.Deploy.0 = Release|Any CPU
		{898F0858-8FF0-4952-9402-3A2D01DE4188}.AppStore|iPhoneSimulator.ActiveCfg = Release|Any CPU
		{898F0858-8FF0-4952-9402-3A2D01DE4188}.AppStore|iPhoneSimulator.Build.0 = Release|Any CPU
		{898F0858-8FF0-4952-9402-3A2D01DE4188}.AppStore|iPhoneSimulator.Deploy.0 = Release|Any CPU
		{898F0858-8FF0-4952-9402-3A2D01DE4188}.Debug|Any CPU.ActiveCfg = Debug|Any CPU
		{898F0858-8FF0-4952-9402-3A2D01DE4188}.Debug|Any CPU.Build.0 = Debug|Any CPU
		{898F0858-8FF0-4952-9402-3A2D01DE4188}.Debug|Any CPU.Deploy.0 = Debug|Any CPU
		{898F0858-8FF0-4952-9402-3A2D01DE4188}.Debug|iPhone.ActiveCfg = Debug|Any CPU
		{898F0858-8FF0-4952-9402-3A2D01DE4188}.Debug|iPhone.Build.0 = Debug|Any CPU
		{898F0858-8FF0-4952-9402-3A2D01DE4188}.Debug|iPhone.Deploy.0 = Debug|Any CPU
		{898F0858-8FF0-4952-9402-3A2D01DE4188}.Debug|iPhoneSimulator.ActiveCfg = Debug|Any CPU
		{898F0858-8FF0-4952-9402-3A2D01DE4188}.Debug|iPhoneSimulator.Build.0 = Debug|Any CPU
		{898F0858-8FF0-4952-9402-3A2D01DE4188}.Debug|iPhoneSimulator.Deploy.0 = Debug|Any CPU
		{898F0858-8FF0-4952-9402-3A2D01DE4188}.Release|Any CPU.ActiveCfg = Release|Any CPU
		{898F0858-8FF0-4952-9402-3A2D01DE4188}.Release|Any CPU.Build.0 = Release|Any CPU
		{898F0858-8FF0-4952-9402-3A2D01DE4188}.Release|Any CPU.Deploy.0 = Release|Any CPU
		{898F0858-8FF0-4952-9402-3A2D01DE4188}.Release|iPhone.ActiveCfg = Release|Any CPU
		{898F0858-8FF0-4952-9402-3A2D01DE4188}.Release|iPhone.Build.0 = Release|Any CPU
		{898F0858-8FF0-4952-9402-3A2D01DE4188}.Release|iPhone.Deploy.0 = Release|Any CPU
		{898F0858-8FF0-4952-9402-3A2D01DE4188}.Release|iPhoneSimulator.ActiveCfg = Release|Any CPU
		{898F0858-8FF0-4952-9402-3A2D01DE4188}.Release|iPhoneSimulator.Build.0 = Release|Any CPU
		{898F0858-8FF0-4952-9402-3A2D01DE4188}.Release|iPhoneSimulator.Deploy.0 = Release|Any CPU
		{640D9A84-3FEB-4F12-B144-D864F534BFD3}.Ad-Hoc|Any CPU.ActiveCfg = Ad-Hoc|iPhone
		{640D9A84-3FEB-4F12-B144-D864F534BFD3}.Ad-Hoc|Any CPU.Build.0 = Ad-Hoc|iPhone
		{640D9A84-3FEB-4F12-B144-D864F534BFD3}.Ad-Hoc|Any CPU.Deploy.0 = Ad-Hoc|iPhone
		{640D9A84-3FEB-4F12-B144-D864F534BFD3}.Ad-Hoc|iPhone.ActiveCfg = Ad-Hoc|iPhone
		{640D9A84-3FEB-4F12-B144-D864F534BFD3}.Ad-Hoc|iPhone.Build.0 = Ad-Hoc|iPhone
		{640D9A84-3FEB-4F12-B144-D864F534BFD3}.Ad-Hoc|iPhone.Deploy.0 = Ad-Hoc|iPhone
		{640D9A84-3FEB-4F12-B144-D864F534BFD3}.Ad-Hoc|iPhoneSimulator.ActiveCfg = Ad-Hoc|iPhoneSimulator
		{640D9A84-3FEB-4F12-B144-D864F534BFD3}.Ad-Hoc|iPhoneSimulator.Build.0 = Ad-Hoc|iPhoneSimulator
		{640D9A84-3FEB-4F12-B144-D864F534BFD3}.Ad-Hoc|iPhoneSimulator.Deploy.0 = Ad-Hoc|iPhoneSimulator
		{640D9A84-3FEB-4F12-B144-D864F534BFD3}.AppStore|Any CPU.ActiveCfg = AppStore|iPhone
		{640D9A84-3FEB-4F12-B144-D864F534BFD3}.AppStore|Any CPU.Build.0 = AppStore|iPhone
		{640D9A84-3FEB-4F12-B144-D864F534BFD3}.AppStore|Any CPU.Deploy.0 = AppStore|iPhone
		{640D9A84-3FEB-4F12-B144-D864F534BFD3}.AppStore|iPhone.ActiveCfg = AppStore|iPhone
		{640D9A84-3FEB-4F12-B144-D864F534BFD3}.AppStore|iPhone.Build.0 = AppStore|iPhone
		{640D9A84-3FEB-4F12-B144-D864F534BFD3}.AppStore|iPhone.Deploy.0 = AppStore|iPhone
		{640D9A84-3FEB-4F12-B144-D864F534BFD3}.AppStore|iPhoneSimulator.ActiveCfg = AppStore|iPhoneSimulator
		{640D9A84-3FEB-4F12-B144-D864F534BFD3}.AppStore|iPhoneSimulator.Build.0 = AppStore|iPhoneSimulator
		{640D9A84-3FEB-4F12-B144-D864F534BFD3}.AppStore|iPhoneSimulator.Deploy.0 = AppStore|iPhoneSimulator
		{640D9A84-3FEB-4F12-B144-D864F534BFD3}.Debug|Any CPU.ActiveCfg = Debug|iPhoneSimulator
		{640D9A84-3FEB-4F12-B144-D864F534BFD3}.Debug|Any CPU.Build.0 = Debug|iPhoneSimulator
		{640D9A84-3FEB-4F12-B144-D864F534BFD3}.Debug|Any CPU.Deploy.0 = Debug|iPhoneSimulator
		{640D9A84-3FEB-4F12-B144-D864F534BFD3}.Debug|iPhone.ActiveCfg = Debug|iPhone
		{640D9A84-3FEB-4F12-B144-D864F534BFD3}.Debug|iPhone.Build.0 = Debug|iPhone
		{640D9A84-3FEB-4F12-B144-D864F534BFD3}.Debug|iPhone.Deploy.0 = Debug|iPhone
		{640D9A84-3FEB-4F12-B144-D864F534BFD3}.Debug|iPhoneSimulator.ActiveCfg = Debug|iPhoneSimulator
		{640D9A84-3FEB-4F12-B144-D864F534BFD3}.Debug|iPhoneSimulator.Build.0 = Debug|iPhoneSimulator
		{640D9A84-3FEB-4F12-B144-D864F534BFD3}.Debug|iPhoneSimulator.Deploy.0 = Debug|iPhoneSimulator
		{640D9A84-3FEB-4F12-B144-D864F534BFD3}.Release|Any CPU.ActiveCfg = Release|iPhone
		{640D9A84-3FEB-4F12-B144-D864F534BFD3}.Release|Any CPU.Build.0 = Release|iPhone
		{640D9A84-3FEB-4F12-B144-D864F534BFD3}.Release|Any CPU.Deploy.0 = Release|iPhone
		{640D9A84-3FEB-4F12-B144-D864F534BFD3}.Release|iPhone.ActiveCfg = Release|iPhone
		{640D9A84-3FEB-4F12-B144-D864F534BFD3}.Release|iPhone.Build.0 = Release|iPhone
		{640D9A84-3FEB-4F12-B144-D864F534BFD3}.Release|iPhone.Deploy.0 = Release|iPhone
		{640D9A84-3FEB-4F12-B144-D864F534BFD3}.Release|iPhoneSimulator.ActiveCfg = Release|iPhoneSimulator
		{640D9A84-3FEB-4F12-B144-D864F534BFD3}.Release|iPhoneSimulator.Build.0 = Release|iPhoneSimulator
		{640D9A84-3FEB-4F12-B144-D864F534BFD3}.Release|iPhoneSimulator.Deploy.0 = Release|iPhoneSimulator
		{FF0319A5-155E-4E73-9DED-5E892C570E01}.Ad-Hoc|Any CPU.ActiveCfg = Debug|Any CPU
		{FF0319A5-155E-4E73-9DED-5E892C570E01}.Ad-Hoc|Any CPU.Build.0 = Debug|Any CPU
		{FF0319A5-155E-4E73-9DED-5E892C570E01}.Ad-Hoc|Any CPU.Deploy.0 = Debug|Any CPU
		{FF0319A5-155E-4E73-9DED-5E892C570E01}.Ad-Hoc|iPhone.ActiveCfg = Debug|Any CPU
		{FF0319A5-155E-4E73-9DED-5E892C570E01}.Ad-Hoc|iPhone.Build.0 = Debug|Any CPU
		{FF0319A5-155E-4E73-9DED-5E892C570E01}.Ad-Hoc|iPhone.Deploy.0 = Debug|Any CPU
		{FF0319A5-155E-4E73-9DED-5E892C570E01}.Ad-Hoc|iPhoneSimulator.ActiveCfg = Debug|Any CPU
		{FF0319A5-155E-4E73-9DED-5E892C570E01}.Ad-Hoc|iPhoneSimulator.Build.0 = Debug|Any CPU
		{FF0319A5-155E-4E73-9DED-5E892C570E01}.Ad-Hoc|iPhoneSimulator.Deploy.0 = Debug|Any CPU
		{FF0319A5-155E-4E73-9DED-5E892C570E01}.AppStore|Any CPU.ActiveCfg = Debug|Any CPU
		{FF0319A5-155E-4E73-9DED-5E892C570E01}.AppStore|Any CPU.Build.0 = Debug|Any CPU
		{FF0319A5-155E-4E73-9DED-5E892C570E01}.AppStore|Any CPU.Deploy.0 = Debug|Any CPU
		{FF0319A5-155E-4E73-9DED-5E892C570E01}.AppStore|iPhone.ActiveCfg = Debug|Any CPU
		{FF0319A5-155E-4E73-9DED-5E892C570E01}.AppStore|iPhone.Build.0 = Debug|Any CPU
		{FF0319A5-155E-4E73-9DED-5E892C570E01}.AppStore|iPhone.Deploy.0 = Debug|Any CPU
		{FF0319A5-155E-4E73-9DED-5E892C570E01}.AppStore|iPhoneSimulator.ActiveCfg = Debug|Any CPU
		{FF0319A5-155E-4E73-9DED-5E892C570E01}.AppStore|iPhoneSimulator.Build.0 = Debug|Any CPU
		{FF0319A5-155E-4E73-9DED-5E892C570E01}.AppStore|iPhoneSimulator.Deploy.0 = Debug|Any CPU
		{FF0319A5-155E-4E73-9DED-5E892C570E01}.Debug|Any CPU.ActiveCfg = Debug|Any CPU
		{FF0319A5-155E-4E73-9DED-5E892C570E01}.Debug|Any CPU.Build.0 = Debug|Any CPU
		{FF0319A5-155E-4E73-9DED-5E892C570E01}.Debug|Any CPU.Deploy.0 = Debug|Any CPU
		{FF0319A5-155E-4E73-9DED-5E892C570E01}.Debug|iPhone.ActiveCfg = Debug|Any CPU
		{FF0319A5-155E-4E73-9DED-5E892C570E01}.Debug|iPhone.Build.0 = Debug|Any CPU
		{FF0319A5-155E-4E73-9DED-5E892C570E01}.Debug|iPhone.Deploy.0 = Debug|Any CPU
		{FF0319A5-155E-4E73-9DED-5E892C570E01}.Debug|iPhoneSimulator.ActiveCfg = Debug|Any CPU
		{FF0319A5-155E-4E73-9DED-5E892C570E01}.Debug|iPhoneSimulator.Build.0 = Debug|Any CPU
		{FF0319A5-155E-4E73-9DED-5E892C570E01}.Debug|iPhoneSimulator.Deploy.0 = Debug|Any CPU
		{FF0319A5-155E-4E73-9DED-5E892C570E01}.Release|Any CPU.ActiveCfg = Release|Any CPU
		{FF0319A5-155E-4E73-9DED-5E892C570E01}.Release|Any CPU.Build.0 = Release|Any CPU
		{FF0319A5-155E-4E73-9DED-5E892C570E01}.Release|Any CPU.Deploy.0 = Release|Any CPU
		{FF0319A5-155E-4E73-9DED-5E892C570E01}.Release|iPhone.ActiveCfg = Release|Any CPU
		{FF0319A5-155E-4E73-9DED-5E892C570E01}.Release|iPhone.Build.0 = Release|Any CPU
		{FF0319A5-155E-4E73-9DED-5E892C570E01}.Release|iPhone.Deploy.0 = Release|Any CPU
		{FF0319A5-155E-4E73-9DED-5E892C570E01}.Release|iPhoneSimulator.ActiveCfg = Release|Any CPU
		{FF0319A5-155E-4E73-9DED-5E892C570E01}.Release|iPhoneSimulator.Build.0 = Release|Any CPU
		{FF0319A5-155E-4E73-9DED-5E892C570E01}.Release|iPhoneSimulator.Deploy.0 = Release|Any CPU
	EndGlobalSection
	GlobalSection(SolutionProperties) = preSolution
		HideSolutionNode = FALSE
	EndGlobalSection
	GlobalSection(ExtensibilityGlobals) = postSolution
		SolutionGuid = {BA83C9CA-4B23-4178-A2D5-058F5AAEEBC9}
	EndGlobalSection
EndGlobal
